// !$*UTF8*$!
{
	archiveVersion = 1;
	classes = {
	};
	objectVersion = 56;
	objects = {

/* Begin PBXBuildFile section */
		388B01582EC9640500429EFE /* ForestViewController.swift in Sources */ = {isa = PBXBuildFile; fileRef = 388B01572EC9640500429EFE /* ForestViewController.swift */; };
		388B015A2EC965C900429EFE /* TableViewController.swift in Sources */ = {isa = PBXBuildFile; fileRef = 388B01592EC965C900429EFE /* TableViewController.swift */; };
		388B015C2EC9774700429EFE /* Animals.swift in Sources */ = {isa = PBXBuildFile; fileRef = 388B015B2EC9774700429EFE /* Animals.swift */; };
		388B01602EC9804900429EFE /* ForestDescViewController.swift in Sources */ = {isa = PBXBuildFile; fileRef = 388B015F2EC9804900429EFE /* ForestDescViewController.swift */; };
		388B01622EC9913400429EFE /* desertViewController.swift in Sources */ = {isa = PBXBuildFile; fileRef = 388B01612EC9913300429EFE /* desertViewController.swift */; };
		388B01642EC993EB00429EFE /* DesertDescViewController.swift in Sources */ = {isa = PBXBuildFile; fileRef = 388B01632EC993EB00429EFE /* DesertDescViewController.swift */; };
		388B01662EC99AE300429EFE /* OceanViewController.swift in Sources */ = {isa = PBXBuildFile; fileRef = 388B01652EC99AE300429EFE /* OceanViewController.swift */; };
		388B01682EC99CF300429EFE /* OceanDescViewController.swift in Sources */ = {isa = PBXBuildFile; fileRef = 388B01672EC99CF200429EFE /* OceanDescViewController.swift */; };
		388B016A2EC9A24D00429EFE /* articViewController.swift in Sources */ = {isa = PBXBuildFile; fileRef = 388B01692EC9A24D00429EFE /* articViewController.swift */; };
		388B016C2EC9A3B500429EFE /* articDescViewController.swift in Sources */ = {isa = PBXBuildFile; fileRef = 388B016B2EC9A3B500429EFE /* articDescViewController.swift */; };
		388B01722EC9CFFE00429EFE /* AddForestTableViewController.swift in Sources */ = {isa = PBXBuildFile; fileRef = 388B01712EC9CFFE00429EFE /* AddForestTableViewController.swift */; };
		388D81BE2ECAA7960046A821 /* UpdateForestTableViewController.swift in Sources */ = {isa = PBXBuildFile; fileRef = 388D81BD2ECAA7960046A821 /* UpdateForestTableViewController.swift */; };
		388D81C02ECABD3D0046A821 /* AnimalData.swift in Sources */ = {isa = PBXBuildFile; fileRef = 388D81BF2ECABD3D0046A821 /* AnimalData.swift */; };
		388D81C22ECAC2AF0046A821 /* AddArticTableViewController.swift in Sources */ = {isa = PBXBuildFile; fileRef = 388D81C12ECAC2AF0046A821 /* AddArticTableViewController.swift */; };
		388D81C42ECAC8740046A821 /* UpdateArticTableViewController.swift in Sources */ = {isa = PBXBuildFile; fileRef = 388D81C32ECAC8740046A821 /* UpdateArticTableViewController.swift */; };
		38E02CF72EC7132600E98B15 /* AppDelegate.swift in Sources */ = {isa = PBXBuildFile; fileRef = 38E02CF62EC7132600E98B15 /* AppDelegate.swift */; };
		38E02CF92EC7132600E98B15 /* SceneDelegate.swift in Sources */ = {isa = PBXBuildFile; fileRef = 38E02CF82EC7132600E98B15 /* SceneDelegate.swift */; };
		38E02CFB2EC7132600E98B15 /* ViewController.swift in Sources */ = {isa = PBXBuildFile; fileRef = 38E02CFA2EC7132600E98B15 /* ViewController.swift */; };
		38E02CFE2EC7132600E98B15 /* Main.storyboard in Resources */ = {isa = PBXBuildFile; fileRef = 38E02CFC2EC7132600E98B15 /* Main.storyboard */; };
		38E02D002EC7132A00E98B15 /* Assets.xcassets in Resources */ = {isa = PBXBuildFile; fileRef = 38E02CFF2EC7132A00E98B15 /* Assets.xcassets */; };
		38E02D032EC7132A00E98B15 /* LaunchScreen.storyboard in Resources */ = {isa = PBXBuildFile; fileRef = 38E02D012EC7132A00E98B15 /* LaunchScreen.storyboard */; };
		38E02D0E2EC7132B00E98B15 /* AnimalKingdom_FinalProjectTests.swift in Sources */ = {isa = PBXBuildFile; fileRef = 38E02D0D2EC7132B00E98B15 /* AnimalKingdom_FinalProjectTests.swift */; };
		38E02D182EC7132B00E98B15 /* AnimalKingdom_FinalProjectUITests.swift in Sources */ = {isa = PBXBuildFile; fileRef = 38E02D172EC7132B00E98B15 /* AnimalKingdom_FinalProjectUITests.swift */; };
		38E02D1A2EC7132B00E98B15 /* AnimalKingdom_FinalProjectUITestsLaunchTests.swift in Sources */ = {isa = PBXBuildFile; fileRef = 38E02D192EC7132B00E98B15 /* AnimalKingdom_FinalProjectUITestsLaunchTests.swift */; };
/* End PBXBuildFile section */

/* Begin PBXContainerItemProxy section */
		38E02D0A2EC7132B00E98B15 /* PBXContainerItemProxy */ = {
			isa = PBXContainerItemProxy;
			containerPortal = 38E02CEB2EC7132600E98B15 /* Project object */;
			proxyType = 1;
			remoteGlobalIDString = 38E02CF22EC7132600E98B15;
			remoteInfo = AnimalKingdom_FinalProject;
		};
		38E02D142EC7132B00E98B15 /* PBXContainerItemProxy */ = {
			isa = PBXContainerItemProxy;
			containerPortal = 38E02CEB2EC7132600E98B15 /* Project object */;
			proxyType = 1;
			remoteGlobalIDString = 38E02CF22EC7132600E98B15;
			remoteInfo = AnimalKingdom_FinalProject;
		};
/* End PBXContainerItemProxy section */

/* Begin PBXFileReference section */
		388B01572EC9640500429EFE /* ForestViewController.swift */ = {isa = PBXFileReference; lastKnownFileType = sourcecode.swift; path = ForestViewController.swift; sourceTree = "<group>"; };
		388B01592EC965C900429EFE /* TableViewController.swift */ = {isa = PBXFileReference; lastKnownFileType = sourcecode.swift; path = TableViewController.swift; sourceTree = "<group>"; };
		388B015B2EC9774700429EFE /* Animals.swift */ = {isa = PBXFileReference; lastKnownFileType = sourcecode.swift; path = Animals.swift; sourceTree = "<group>"; };
		388B015F2EC9804900429EFE /* ForestDescViewController.swift */ = {isa = PBXFileReference; lastKnownFileType = sourcecode.swift; path = ForestDescViewController.swift; sourceTree = "<group>"; };
		388B01612EC9913300429EFE /* desertViewController.swift */ = {isa = PBXFileReference; lastKnownFileType = sourcecode.swift; path = desertViewController.swift; sourceTree = "<group>"; };
		388B01632EC993EB00429EFE /* DesertDescViewController.swift */ = {isa = PBXFileReference; lastKnownFileType = sourcecode.swift; path = DesertDescViewController.swift; sourceTree = "<group>"; };
		388B01652EC99AE300429EFE /* OceanViewController.swift */ = {isa = PBXFileReference; lastKnownFileType = sourcecode.swift; path = OceanViewController.swift; sourceTree = "<group>"; };
		388B01672EC99CF200429EFE /* OceanDescViewController.swift */ = {isa = PBXFileReference; lastKnownFileType = sourcecode.swift; path = OceanDescViewController.swift; sourceTree = "<group>"; };
		388B01692EC9A24D00429EFE /* articViewController.swift */ = {isa = PBXFileReference; lastKnownFileType = sourcecode.swift; path = articViewController.swift; sourceTree = "<group>"; };
		388B016B2EC9A3B500429EFE /* articDescViewController.swift */ = {isa = PBXFileReference; lastKnownFileType = sourcecode.swift; path = articDescViewController.swift; sourceTree = "<group>"; };
		388B01712EC9CFFE00429EFE /* AddForestTableViewController.swift */ = {isa = PBXFileReference; lastKnownFileType = sourcecode.swift; path = AddForestTableViewController.swift; sourceTree = "<group>"; };
		388D81BD2ECAA7960046A821 /* UpdateForestTableViewController.swift */ = {isa = PBXFileReference; lastKnownFileType = sourcecode.swift; path = UpdateForestTableViewController.swift; sourceTree = "<group>"; };
		388D81BF2ECABD3D0046A821 /* AnimalData.swift */ = {isa = PBXFileReference; lastKnownFileType = sourcecode.swift; path = AnimalData.swift; sourceTree = "<group>"; };
		388D81C12ECAC2AF0046A821 /* AddArticTableViewController.swift */ = {isa = PBXFileReference; lastKnownFileType = sourcecode.swift; path = AddArticTableViewController.swift; sourceTree = "<group>"; };
		388D81C32ECAC8740046A821 /* UpdateArticTableViewController.swift */ = {isa = PBXFileReference; lastKnownFileType = sourcecode.swift; path = UpdateArticTableViewController.swift; sourceTree = "<group>"; };
		38E02CF32EC7132600E98B15 /* AnimalKingdom_FinalProject.app */ = {isa = PBXFileReference; explicitFileType = wrapper.application; includeInIndex = 0; path = AnimalKingdom_FinalProject.app; sourceTree = BUILT_PRODUCTS_DIR; };
		38E02CF62EC7132600E98B15 /* AppDelegate.swift */ = {isa = PBXFileReference; lastKnownFileType = sourcecode.swift; path = AppDelegate.swift; sourceTree = "<group>"; };
		38E02CF82EC7132600E98B15 /* SceneDelegate.swift */ = {isa = PBXFileReference; lastKnownFileType = sourcecode.swift; path = SceneDelegate.swift; sourceTree = "<group>"; };
		38E02CFA2EC7132600E98B15 /* ViewController.swift */ = {isa = PBXFileReference; lastKnownFileType = sourcecode.swift; path = ViewController.swift; sourceTree = "<group>"; };
		38E02CFD2EC7132600E98B15 /* Base */ = {isa = PBXFileReference; lastKnownFileType = file.storyboard; name = Base; path = Base.lproj/Main.storyboard; sourceTree = "<group>"; };
		38E02CFF2EC7132A00E98B15 /* Assets.xcassets */ = {isa = PBXFileReference; lastKnownFileType = folder.assetcatalog; path = Assets.xcassets; sourceTree = "<group>"; };
		38E02D022EC7132A00E98B15 /* Base */ = {isa = PBXFileReference; lastKnownFileType = file.storyboard; name = Base; path = Base.lproj/LaunchScreen.storyboard; sourceTree = "<group>"; };
		38E02D042EC7132A00E98B15 /* Info.plist */ = {isa = PBXFileReference; lastKnownFileType = text.plist.xml; path = Info.plist; sourceTree = "<group>"; };
		38E02D092EC7132B00E98B15 /* AnimalKingdom_FinalProjectTests.xctest */ = {isa = PBXFileReference; explicitFileType = wrapper.cfbundle; includeInIndex = 0; path = AnimalKingdom_FinalProjectTests.xctest; sourceTree = BUILT_PRODUCTS_DIR; };
		38E02D0D2EC7132B00E98B15 /* AnimalKingdom_FinalProjectTests.swift */ = {isa = PBXFileReference; lastKnownFileType = sourcecode.swift; path = AnimalKingdom_FinalProjectTests.swift; sourceTree = "<group>"; };
		38E02D132EC7132B00E98B15 /* AnimalKingdom_FinalProjectUITests.xctest */ = {isa = PBXFileReference; explicitFileType = wrapper.cfbundle; includeInIndex = 0; path = AnimalKingdom_FinalProjectUITests.xctest; sourceTree = BUILT_PRODUCTS_DIR; };
		38E02D172EC7132B00E98B15 /* AnimalKingdom_FinalProjectUITests.swift */ = {isa = PBXFileReference; lastKnownFileType = sourcecode.swift; path = AnimalKingdom_FinalProjectUITests.swift; sourceTree = "<group>"; };
		38E02D192EC7132B00E98B15 /* AnimalKingdom_FinalProjectUITestsLaunchTests.swift */ = {isa = PBXFileReference; lastKnownFileType = sourcecode.swift; path = AnimalKingdom_FinalProjectUITestsLaunchTests.swift; sourceTree = "<group>"; };
/* End PBXFileReference section */

/* Begin PBXFrameworksBuildPhase section */
		38E02CF02EC7132600E98B15 /* Frameworks */ = {
			isa = PBXFrameworksBuildPhase;
			buildActionMask = 2147483647;
			files = (
			);
			runOnlyForDeploymentPostprocessing = 0;
		};
		38E02D062EC7132B00E98B15 /* Frameworks */ = {
			isa = PBXFrameworksBuildPhase;
			buildActionMask = 2147483647;
			files = (
			);
			runOnlyForDeploymentPostprocessing = 0;
		};
		38E02D102EC7132B00E98B15 /* Frameworks */ = {
			isa = PBXFrameworksBuildPhase;
			buildActionMask = 2147483647;
			files = (
			);
			runOnlyForDeploymentPostprocessing = 0;
		};
/* End PBXFrameworksBuildPhase section */

/* Begin PBXGroup section */
		38E02CEA2EC7132600E98B15 = {
			isa = PBXGroup;
			children = (
				38E02CF52EC7132600E98B15 /* AnimalKingdom_FinalProject */,
				38E02D0C2EC7132B00E98B15 /* AnimalKingdom_FinalProjectTests */,
				38E02D162EC7132B00E98B15 /* AnimalKingdom_FinalProjectUITests */,
				38E02CF42EC7132600E98B15 /* Products */,
			);
			sourceTree = "<group>";
		};
		38E02CF42EC7132600E98B15 /* Products */ = {
			isa = PBXGroup;
			children = (
				38E02CF32EC7132600E98B15 /* AnimalKingdom_FinalProject.app */,
				38E02D092EC7132B00E98B15 /* AnimalKingdom_FinalProjectTests.xctest */,
				38E02D132EC7132B00E98B15 /* AnimalKingdom_FinalProjectUITests.xctest */,
			);
			name = Products;
			sourceTree = "<group>";
		};
		38E02CF52EC7132600E98B15 /* AnimalKingdom_FinalProject */ = {
			isa = PBXGroup;
			children = (
				388B015B2EC9774700429EFE /* Animals.swift */,
				388D81BF2ECABD3D0046A821 /* AnimalData.swift */,
				38E02CF62EC7132600E98B15 /* AppDelegate.swift */,
				388B01692EC9A24D00429EFE /* articViewController.swift */,
				388B016B2EC9A3B500429EFE /* articDescViewController.swift */,
				388D81C12ECAC2AF0046A821 /* AddArticTableViewController.swift */,
				388D81C32ECAC8740046A821 /* UpdateArticTableViewController.swift */,
				388B01632EC993EB00429EFE /* DesertDescViewController.swift */,
				388B01652EC99AE300429EFE /* OceanViewController.swift */,
				388B01672EC99CF200429EFE /* OceanDescViewController.swift */,
				388B01612EC9913300429EFE /* desertViewController.swift */,
				388B01572EC9640500429EFE /* ForestViewController.swift */,
				388B015F2EC9804900429EFE /* ForestDescViewController.swift */,
				388B01712EC9CFFE00429EFE /* AddForestTableViewController.swift */,
				388D81BD2ECAA7960046A821 /* UpdateForestTableViewController.swift */,
				38E02CF82EC7132600E98B15 /* SceneDelegate.swift */,
				38E02CFA2EC7132600E98B15 /* ViewController.swift */,
				38E02CFC2EC7132600E98B15 /* Main.storyboard */,
				388B01592EC965C900429EFE /* TableViewController.swift */,
				38E02CFF2EC7132A00E98B15 /* Assets.xcassets */,
				38E02D012EC7132A00E98B15 /* LaunchScreen.storyboard */,
				38E02D042EC7132A00E98B15 /* Info.plist */,
			);
			path = AnimalKingdom_FinalProject;
			sourceTree = "<group>";
		};
		38E02D0C2EC7132B00E98B15 /* AnimalKingdom_FinalProjectTests */ = {
			isa = PBXGroup;
			children = (
				38E02D0D2EC7132B00E98B15 /* AnimalKingdom_FinalProjectTests.swift */,
			);
			path = AnimalKingdom_FinalProjectTests;
			sourceTree = "<group>";
		};
		38E02D162EC7132B00E98B15 /* AnimalKingdom_FinalProjectUITests */ = {
			isa = PBXGroup;
			children = (
				38E02D172EC7132B00E98B15 /* AnimalKingdom_FinalProjectUITests.swift */,
				38E02D192EC7132B00E98B15 /* AnimalKingdom_FinalProjectUITestsLaunchTests.swift */,
			);
			path = AnimalKingdom_FinalProjectUITests;
			sourceTree = "<group>";
		};
/* End PBXGroup section */

/* Begin PBXNativeTarget section */
		38E02CF22EC7132600E98B15 /* AnimalKingdom_FinalProject */ = {
			isa = PBXNativeTarget;
			buildConfigurationList = 38E02D1D2EC7132B00E98B15 /* Build configuration list for PBXNativeTarget "AnimalKingdom_FinalProject" */;
			buildPhases = (
				38E02CEF2EC7132600E98B15 /* Sources */,
				38E02CF02EC7132600E98B15 /* Frameworks */,
				38E02CF12EC7132600E98B15 /* Resources */,
			);
			buildRules = (
			);
			dependencies = (
			);
			name = AnimalKingdom_FinalProject;
			productName = AnimalKingdom_FinalProject;
			productReference = 38E02CF32EC7132600E98B15 /* AnimalKingdom_FinalProject.app */;
			productType = "com.apple.product-type.application";
		};
		38E02D082EC7132B00E98B15 /* AnimalKingdom_FinalProjectTests */ = {
			isa = PBXNativeTarget;
			buildConfigurationList = 38E02D202EC7132B00E98B15 /* Build configuration list for PBXNativeTarget "AnimalKingdom_FinalProjectTests" */;
			buildPhases = (
				38E02D052EC7132B00E98B15 /* Sources */,
				38E02D062EC7132B00E98B15 /* Frameworks */,
				38E02D072EC7132B00E98B15 /* Resources */,
			);
			buildRules = (
			);
			dependencies = (
				38E02D0B2EC7132B00E98B15 /* PBXTargetDependency */,
			);
			name = AnimalKingdom_FinalProjectTests;
			productName = AnimalKingdom_FinalProjectTests;
			productReference = 38E02D092EC7132B00E98B15 /* AnimalKingdom_FinalProjectTests.xctest */;
			productType = "com.apple.product-type.bundle.unit-test";
		};
		38E02D122EC7132B00E98B15 /* AnimalKingdom_FinalProjectUITests */ = {
			isa = PBXNativeTarget;
			buildConfigurationList = 38E02D232EC7132B00E98B15 /* Build configuration list for PBXNativeTarget "AnimalKingdom_FinalProjectUITests" */;
			buildPhases = (
				38E02D0F2EC7132B00E98B15 /* Sources */,
				38E02D102EC7132B00E98B15 /* Frameworks */,
				38E02D112EC7132B00E98B15 /* Resources */,
			);
			buildRules = (
			);
			dependencies = (
				38E02D152EC7132B00E98B15 /* PBXTargetDependency */,
			);
			name = AnimalKingdom_FinalProjectUITests;
			productName = AnimalKingdom_FinalProjectUITests;
			productReference = 38E02D132EC7132B00E98B15 /* AnimalKingdom_FinalProjectUITests.xctest */;
			productType = "com.apple.product-type.bundle.ui-testing";
		};
/* End PBXNativeTarget section */

/* Begin PBXProject section */
		38E02CEB2EC7132600E98B15 /* Project object */ = {
			isa = PBXProject;
			attributes = {
				BuildIndependentTargetsInParallel = 1;
				LastSwiftUpdateCheck = 1520;
				LastUpgradeCheck = 1520;
				TargetAttributes = {
					38E02CF22EC7132600E98B15 = {
						CreatedOnToolsVersion = 15.2;
					};
					38E02D082EC7132B00E98B15 = {
						CreatedOnToolsVersion = 15.2;
						TestTargetID = 38E02CF22EC7132600E98B15;
					};
					38E02D122EC7132B00E98B15 = {
						CreatedOnToolsVersion = 15.2;
						TestTargetID = 38E02CF22EC7132600E98B15;
					};
				};
			};
			buildConfigurationList = 38E02CEE2EC7132600E98B15 /* Build configuration list for PBXProject "AnimalKingdom_FinalProject" */;
			compatibilityVersion = "Xcode 14.0";
			developmentRegion = en;
			hasScannedForEncodings = 0;
			knownRegions = (
				en,
				Base,
			);
			mainGroup = 38E02CEA2EC7132600E98B15;
			productRefGroup = 38E02CF42EC7132600E98B15 /* Products */;
			projectDirPath = "";
			projectRoot = "";
			targets = (
				38E02CF22EC7132600E98B15 /* AnimalKingdom_FinalProject */,
				38E02D082EC7132B00E98B15 /* AnimalKingdom_FinalProjectTests */,
				38E02D122EC7132B00E98B15 /* AnimalKingdom_FinalProjectUITests */,
			);
		};
/* End PBXProject section */

/* Begin PBXResourcesBuildPhase section */
		38E02CF12EC7132600E98B15 /* Resources */ = {
			isa = PBXResourcesBuildPhase;
			buildActionMask = 2147483647;
			files = (
				38E02D032EC7132A00E98B15 /* LaunchScreen.storyboard in Resources */,
				38E02D002EC7132A00E98B15 /* Assets.xcassets in Resources */,
				38E02CFE2EC7132600E98B15 /* Main.storyboard in Resources */,
			);
			runOnlyForDeploymentPostprocessing = 0;
		};
		38E02D072EC7132B00E98B15 /* Resources */ = {
			isa = PBXResourcesBuildPhase;
			buildActionMask = 2147483647;
			files = (
			);
			runOnlyForDeploymentPostprocessing = 0;
		};
		38E02D112EC7132B00E98B15 /* Resources */ = {
			isa = PBXResourcesBuildPhase;
			buildActionMask = 2147483647;
			files = (
			);
			runOnlyForDeploymentPostprocessing = 0;
		};
/* End PBXResourcesBuildPhase section */

/* Begin PBXSourcesBuildPhase section */
		38E02CEF2EC7132600E98B15 /* Sources */ = {
			isa = PBXSourcesBuildPhase;
			buildActionMask = 2147483647;
			files = (
				38E02CFB2EC7132600E98B15 /* ViewController.swift in Sources */,
				388B015C2EC9774700429EFE /* Animals.swift in Sources */,
				38E02CF72EC7132600E98B15 /* AppDelegate.swift in Sources */,
				388B01622EC9913400429EFE /* desertViewController.swift in Sources */,
				38E02CF92EC7132600E98B15 /* SceneDelegate.swift in Sources */,
				388B01722EC9CFFE00429EFE /* AddForestTableViewController.swift in Sources */,
				388D81C22ECAC2AF0046A821 /* AddArticTableViewController.swift in Sources */,
				388B015A2EC965C900429EFE /* TableViewController.swift in Sources */,
				388D81C02ECABD3D0046A821 /* AnimalData.swift in Sources */,
				388B016A2EC9A24D00429EFE /* articViewController.swift in Sources */,
				388B01602EC9804900429EFE /* ForestDescViewController.swift in Sources */,
				388B01662EC99AE300429EFE /* OceanViewController.swift in Sources */,
				388D81C42ECAC8740046A821 /* UpdateArticTableViewController.swift in Sources */,
				388B01642EC993EB00429EFE /* DesertDescViewController.swift in Sources */,
				388B016C2EC9A3B500429EFE /* articDescViewController.swift in Sources */,
				388B01582EC9640500429EFE /* ForestViewController.swift in Sources */,
				388D81BE2ECAA7960046A821 /* UpdateForestTableViewController.swift in Sources */,
				388B01682EC99CF300429EFE /* OceanDescViewController.swift in Sources */,
			);
			runOnlyForDeploymentPostprocessing = 0;
		};
		38E02D052EC7132B00E98B15 /* Sources */ = {
			isa = PBXSourcesBuildPhase;
			buildActionMask = 2147483647;
			files = (
				38E02D0E2EC7132B00E98B15 /* AnimalKingdom_FinalProjectTests.swift in Sources */,
			);
			runOnlyForDeploymentPostprocessing = 0;
		};
		38E02D0F2EC7132B00E98B15 /* Sources */ = {
			isa = PBXSourcesBuildPhase;
			buildActionMask = 2147483647;
			files = (
				38E02D182EC7132B00E98B15 /* AnimalKingdom_FinalProjectUITests.swift in Sources */,
				38E02D1A2EC7132B00E98B15 /* AnimalKingdom_FinalProjectUITestsLaunchTests.swift in Sources */,
			);
			runOnlyForDeploymentPostprocessing = 0;
		};
/* End PBXSourcesBuildPhase section */

/* Begin PBXTargetDependency section */
		38E02D0B2EC7132B00E98B15 /* PBXTargetDependency */ = {
			isa = PBXTargetDependency;
			target = 38E02CF22EC7132600E98B15 /* AnimalKingdom_FinalProject */;
			targetProxy = 38E02D0A2EC7132B00E98B15 /* PBXContainerItemProxy */;
		};
		38E02D152EC7132B00E98B15 /* PBXTargetDependency */ = {
			isa = PBXTargetDependency;
			target = 38E02CF22EC7132600E98B15 /* AnimalKingdom_FinalProject */;
			targetProxy = 38E02D142EC7132B00E98B15 /* PBXContainerItemProxy */;
		};
/* End PBXTargetDependency section */

/* Begin PBXVariantGroup section */
		38E02CFC2EC7132600E98B15 /* Main.storyboard */ = {
			isa = PBXVariantGroup;
			children = (
				38E02CFD2EC7132600E98B15 /* Base */,
			);
			name = Main.storyboard;
			sourceTree = "<group>";
		};
		38E02D012EC7132A00E98B15 /* LaunchScreen.storyboard */ = {
			isa = PBXVariantGroup;
			children = (
				38E02D022EC7132A00E98B15 /* Base */,
			);
			name = LaunchScreen.storyboard;
			sourceTree = "<group>";
		};
/* End PBXVariantGroup section */

/* Begin XCBuildConfiguration section */
		38E02D1B2EC7132B00E98B15 /* Debug */ = {
			isa = XCBuildConfiguration;
			buildSettings = {
				ALWAYS_SEARCH_USER_PATHS = NO;
				ASSETCATALOG_COMPILER_GENERATE_SWIFT_ASSET_SYMBOL_EXTENSIONS = YES;
				CLANG_ANALYZER_NONNULL = YES;
				CLANG_ANALYZER_NUMBER_OBJECT_CONVERSION = YES_AGGRESSIVE;
				CLANG_CXX_LANGUAGE_STANDARD = "gnu++20";
				CLANG_ENABLE_MODULES = YES;
				CLANG_ENABLE_OBJC_ARC = YES;
				CLANG_ENABLE_OBJC_WEAK = YES;
				CLANG_WARN_BLOCK_CAPTURE_AUTORELEASING = YES;
				CLANG_WARN_BOOL_CONVERSION = YES;
				CLANG_WARN_COMMA = YES;
				CLANG_WARN_CONSTANT_CONVERSION = YES;
				CLANG_WARN_DEPRECATED_OBJC_IMPLEMENTATIONS = YES;
				CLANG_WARN_DIRECT_OBJC_ISA_USAGE = YES_ERROR;
				CLANG_WARN_DOCUMENTATION_COMMENTS = YES;
				CLANG_WARN_EMPTY_BODY = YES;
				CLANG_WARN_ENUM_CONVERSION = YES;
				CLANG_WARN_INFINITE_RECURSION = YES;
				CLANG_WARN_INT_CONVERSION = YES;
				CLANG_WARN_NON_LITERAL_NULL_CONVERSION = YES;
				CLANG_WARN_OBJC_IMPLICIT_RETAIN_SELF = YES;
				CLANG_WARN_OBJC_LITERAL_CONVERSION = YES;
				CLANG_WARN_OBJC_ROOT_CLASS = YES_ERROR;
				CLANG_WARN_QUOTED_INCLUDE_IN_FRAMEWORK_HEADER = YES;
				CLANG_WARN_RANGE_LOOP_ANALYSIS = YES;
				CLANG_WARN_STRICT_PROTOTYPES = YES;
				CLANG_WARN_SUSPICIOUS_MOVE = YES;
				CLANG_WARN_UNGUARDED_AVAILABILITY = YES_AGGRESSIVE;
				CLANG_WARN_UNREACHABLE_CODE = YES;
				CLANG_WARN__DUPLICATE_METHOD_MATCH = YES;
				COPY_PHASE_STRIP = NO;
				DEBUG_INFORMATION_FORMAT = dwarf;
				ENABLE_STRICT_OBJC_MSGSEND = YES;
				ENABLE_TESTABILITY = YES;
				ENABLE_USER_SCRIPT_SANDBOXING = YES;
				GCC_C_LANGUAGE_STANDARD = gnu17;
				GCC_DYNAMIC_NO_PIC = NO;
				GCC_NO_COMMON_BLOCKS = YES;
				GCC_OPTIMIZATION_LEVEL = 0;
				GCC_PREPROCESSOR_DEFINITIONS = (
					"DEBUG=1",
					"$(inherited)",
				);
				GCC_WARN_64_TO_32_BIT_CONVERSION = YES;
				GCC_WARN_ABOUT_RETURN_TYPE = YES_ERROR;
				GCC_WARN_UNDECLARED_SELECTOR = YES;
				GCC_WARN_UNINITIALIZED_AUTOS = YES_AGGRESSIVE;
				GCC_WARN_UNUSED_FUNCTION = YES;
				GCC_WARN_UNUSED_VARIABLE = YES;
				IPHONEOS_DEPLOYMENT_TARGET = 17.2;
				LOCALIZATION_PREFERS_STRING_CATALOGS = YES;
				MTL_ENABLE_DEBUG_INFO = INCLUDE_SOURCE;
				MTL_FAST_MATH = YES;
				ONLY_ACTIVE_ARCH = YES;
				SDKROOT = iphoneos;
				SWIFT_ACTIVE_COMPILATION_CONDITIONS = "DEBUG $(inherited)";
				SWIFT_OPTIMIZATION_LEVEL = "-Onone";
			};
			name = Debug;
		};
		38E02D1C2EC7132B00E98B15 /* Release */ = {
			isa = XCBuildConfiguration;
			buildSettings = {
				ALWAYS_SEARCH_USER_PATHS = NO;
				ASSETCATALOG_COMPILER_GENERATE_SWIFT_ASSET_SYMBOL_EXTENSIONS = YES;
				CLANG_ANALYZER_NONNULL = YES;
				CLANG_ANALYZER_NUMBER_OBJECT_CONVERSION = YES_AGGRESSIVE;
				CLANG_CXX_LANGUAGE_STANDARD = "gnu++20";
				CLANG_ENABLE_MODULES = YES;
				CLANG_ENABLE_OBJC_ARC = YES;
				CLANG_ENABLE_OBJC_WEAK = YES;
				CLANG_WARN_BLOCK_CAPTURE_AUTORELEASING = YES;
				CLANG_WARN_BOOL_CONVERSION = YES;
				CLANG_WARN_COMMA = YES;
				CLANG_WARN_CONSTANT_CONVERSION = YES;
				CLANG_WARN_DEPRECATED_OBJC_IMPLEMENTATIONS = YES;
				CLANG_WARN_DIRECT_OBJC_ISA_USAGE = YES_ERROR;
				CLANG_WARN_DOCUMENTATION_COMMENTS = YES;
				CLANG_WARN_EMPTY_BODY = YES;
				CLANG_WARN_ENUM_CONVERSION = YES;
				CLANG_WARN_INFINITE_RECURSION = YES;
				CLANG_WARN_INT_CONVERSION = YES;
				CLANG_WARN_NON_LITERAL_NULL_CONVERSION = YES;
				CLANG_WARN_OBJC_IMPLICIT_RETAIN_SELF = YES;
				CLANG_WARN_OBJC_LITERAL_CONVERSION = YES;
				CLANG_WARN_OBJC_ROOT_CLASS = YES_ERROR;
				CLANG_WARN_QUOTED_INCLUDE_IN_FRAMEWORK_HEADER = YES;
				CLANG_WARN_RANGE_LOOP_ANALYSIS = YES;
				CLANG_WARN_STRICT_PROTOTYPES = YES;
				CLANG_WARN_SUSPICIOUS_MOVE = YES;
				CLANG_WARN_UNGUARDED_AVAILABILITY = YES_AGGRESSIVE;
				CLANG_WARN_UNREACHABLE_CODE = YES;
				CLANG_WARN__DUPLICATE_METHOD_MATCH = YES;
				COPY_PHASE_STRIP = NO;
				DEBUG_INFORMATION_FORMAT = "dwarf-with-dsym";
				ENABLE_NS_ASSERTIONS = NO;
				ENABLE_STRICT_OBJC_MSGSEND = YES;
				ENABLE_USER_SCRIPT_SANDBOXING = YES;
				GCC_C_LANGUAGE_STANDARD = gnu17;
				GCC_NO_COMMON_BLOCKS = YES;
				GCC_WARN_64_TO_32_BIT_CONVERSION = YES;
				GCC_WARN_ABOUT_RETURN_TYPE = YES_ERROR;
				GCC_WARN_UNDECLARED_SELECTOR = YES;
				GCC_WARN_UNINITIALIZED_AUTOS = YES_AGGRESSIVE;
				GCC_WARN_UNUSED_FUNCTION = YES;
				GCC_WARN_UNUSED_VARIABLE = YES;
				IPHONEOS_DEPLOYMENT_TARGET = 17.2;
				LOCALIZATION_PREFERS_STRING_CATALOGS = YES;
				MTL_ENABLE_DEBUG_INFO = NO;
				MTL_FAST_MATH = YES;
				SDKROOT = iphoneos;
				SWIFT_COMPILATION_MODE = wholemodule;
				VALIDATE_PRODUCT = YES;
			};
			name = Release;
		};
		38E02D1E2EC7132B00E98B15 /* Debug */ = {
			isa = XCBuildConfiguration;
			buildSettings = {
				ASSETCATALOG_COMPILER_APPICON_NAME = AppIcon;
				ASSETCATALOG_COMPILER_GLOBAL_ACCENT_COLOR_NAME = AccentColor;
				CODE_SIGN_STYLE = Automatic;
				CURRENT_PROJECT_VERSION = 1;
				DEVELOPMENT_TEAM = 6C8YW9XYGV;
				GENERATE_INFOPLIST_FILE = YES;
				INFOPLIST_FILE = AnimalKingdom_FinalProject/Info.plist;
				INFOPLIST_KEY_UIApplicationSupportsIndirectInputEvents = YES;
				INFOPLIST_KEY_UILaunchStoryboardName = LaunchScreen;
				INFOPLIST_KEY_UIMainStoryboardFile = Main;
				INFOPLIST_KEY_UISupportedInterfaceOrientations_iPad = "UIInterfaceOrientationPortrait UIInterfaceOrientationPortraitUpsideDown UIInterfaceOrientationLandscapeLeft UIInterfaceOrientationLandscapeRight";
				INFOPLIST_KEY_UISupportedInterfaceOrientations_iPhone = "UIInterfaceOrientationPortrait UIInterfaceOrientationLandscapeLeft UIInterfaceOrientationLandscapeRight";
				LD_RUNPATH_SEARCH_PATHS = (
					"$(inherited)",
					"@executable_path/Frameworks",
				);
				MARKETING_VERSION = 1.0;
				PRODUCT_BUNDLE_IDENTIFIER = "BMPW.AnimalKingdom-FinalProject";
				PRODUCT_NAME = "$(TARGET_NAME)";
				SWIFT_EMIT_LOC_STRINGS = YES;
				SWIFT_VERSION = 5.0;
				TARGETED_DEVICE_FAMILY = "1,2";
			};
			name = Debug;
		};
		38E02D1F2EC7132B00E98B15 /* Release */ = {
			isa = XCBuildConfiguration;
			buildSettings = {
				ASSETCATALOG_COMPILER_APPICON_NAME = AppIcon;
				ASSETCATALOG_COMPILER_GLOBAL_ACCENT_COLOR_NAME = AccentColor;
				CODE_SIGN_STYLE = Automatic;
				CURRENT_PROJECT_VERSION = 1;
				DEVELOPMENT_TEAM = 6C8YW9XYGV;
				GENERATE_INFOPLIST_FILE = YES;
				INFOPLIST_FILE = AnimalKingdom_FinalProject/Info.plist;
				INFOPLIST_KEY_UIApplicationSupportsIndirectInputEvents = YES;
				INFOPLIST_KEY_UILaunchStoryboardName = LaunchScreen;
				INFOPLIST_KEY_UIMainStoryboardFile = Main;
				INFOPLIST_KEY_UISupportedInterfaceOrientations_iPad = "UIInterfaceOrientationPortrait UIInterfaceOrientationPortraitUpsideDown UIInterfaceOrientationLandscapeLeft UIInterfaceOrientationLandscapeRight";
				INFOPLIST_KEY_UISupportedInterfaceOrientations_iPhone = "UIInterfaceOrientationPortrait UIInterfaceOrientationLandscapeLeft UIInterfaceOrientationLandscapeRight";
				LD_RUNPATH_SEARCH_PATHS = (
					"$(inherited)",
					"@executable_path/Frameworks",
				);
				MARKETING_VERSION = 1.0;
				PRODUCT_BUNDLE_IDENTIFIER = "BMPW.AnimalKingdom-FinalProject";
				PRODUCT_NAME = "$(TARGET_NAME)";
				SWIFT_EMIT_LOC_STRINGS = YES;
				SWIFT_VERSION = 5.0;
				TARGETED_DEVICE_FAMILY = "1,2";
			};
			name = Release;
		};
		38E02D212EC7132B00E98B15 /* Debug */ = {
			isa = XCBuildConfiguration;
			buildSettings = {
				ALWAYS_EMBED_SWIFT_STANDARD_LIBRARIES = YES;
				BUNDLE_LOADER = "$(TEST_HOST)";
				CODE_SIGN_STYLE = Automatic;
				CURRENT_PROJECT_VERSION = 1;
				DEVELOPMENT_TEAM = 6C8YW9XYGV;
				GENERATE_INFOPLIST_FILE = YES;
				IPHONEOS_DEPLOYMENT_TARGET = 17.2;
				MARKETING_VERSION = 1.0;
				PRODUCT_BUNDLE_IDENTIFIER = "BMPW.AnimalKingdom-FinalProjectTests";
				PRODUCT_NAME = "$(TARGET_NAME)";
				SWIFT_EMIT_LOC_STRINGS = NO;
				SWIFT_VERSION = 5.0;
				TARGETED_DEVICE_FAMILY = "1,2";
				TEST_HOST = "$(BUILT_PRODUCTS_DIR)/AnimalKingdom_FinalProject.app/$(BUNDLE_EXECUTABLE_FOLDER_PATH)/AnimalKingdom_FinalProject";
			};
			name = Debug;
		};
		38E02D222EC7132B00E98B15 /* Release */ = {
			isa = XCBuildConfiguration;
			buildSettings = {
				ALWAYS_EMBED_SWIFT_STANDARD_LIBRARIES = YES;
				BUNDLE_LOADER = "$(TEST_HOST)";
				CODE_SIGN_STYLE = Automatic;
				CURRENT_PROJECT_VERSION = 1;
				DEVELOPMENT_TEAM = 6C8YW9XYGV;
				GENERATE_INFOPLIST_FILE = YES;
				IPHONEOS_DEPLOYMENT_TARGET = 17.2;
				MARKETING_VERSION = 1.0;
				PRODUCT_BUNDLE_IDENTIFIER = "BMPW.AnimalKingdom-FinalProjectTests";
				PRODUCT_NAME = "$(TARGET_NAME)";
				SWIFT_EMIT_LOC_STRINGS = NO;
				SWIFT_VERSION = 5.0;
				TARGETED_DEVICE_FAMILY = "1,2";
				TEST_HOST = "$(BUILT_PRODUCTS_DIR)/AnimalKingdom_FinalProject.app/$(BUNDLE_EXECUTABLE_FOLDER_PATH)/AnimalKingdom_FinalProject";
			};
			name = Release;
		};
		38E02D242EC7132B00E98B15 /* Debug */ = {
			isa = XCBuildConfiguration;
			buildSettings = {
				ALWAYS_EMBED_SWIFT_STANDARD_LIBRARIES = YES;
				CODE_SIGN_STYLE = Automatic;
				CURRENT_PROJECT_VERSION = 1;
				DEVELOPMENT_TEAM = 6C8YW9XYGV;
				GENERATE_INFOPLIST_FILE = YES;
				MARKETING_VERSION = 1.0;
				PRODUCT_BUNDLE_IDENTIFIER = "BMPW.AnimalKingdom-FinalProjectUITests";
				PRODUCT_NAME = "$(TARGET_NAME)";
				SWIFT_EMIT_LOC_STRINGS = NO;
				SWIFT_VERSION = 5.0;
				TARGETED_DEVICE_FAMILY = "1,2";
				TEST_TARGET_NAME = AnimalKingdom_FinalProject;
			};
			name = Debug;
		};
		38E02D252EC7132B00E98B15 /* Release */ = {
			isa = XCBuildConfiguration;
			buildSettings = {
				ALWAYS_EMBED_SWIFT_STANDARD_LIBRARIES = YES;
				CODE_SIGN_STYLE = Automatic;
				CURRENT_PROJECT_VERSION = 1;
				DEVELOPMENT_TEAM = 6C8YW9XYGV;
				GENERATE_INFOPLIST_FILE = YES;
				MARKETING_VERSION = 1.0;
				PRODUCT_BUNDLE_IDENTIFIER = "BMPW.AnimalKingdom-FinalProjectUITests";
				PRODUCT_NAME = "$(TARGET_NAME)";
				SWIFT_EMIT_LOC_STRINGS = NO;
				SWIFT_VERSION = 5.0;
				TARGETED_DEVICE_FAMILY = "1,2";
				TEST_TARGET_NAME = AnimalKingdom_FinalProject;
			};
			name = Release;
		};
/* End XCBuildConfiguration section */

/* Begin XCConfigurationList section */
		38E02CEE2EC7132600E98B15 /* Build configuration list for PBXProject "AnimalKingdom_FinalProject" */ = {
			isa = XCConfigurationList;
			buildConfigurations = (
				38E02D1B2EC7132B00E98B15 /* Debug */,
				38E02D1C2EC7132B00E98B15 /* Release */,
			);
			defaultConfigurationIsVisible = 0;
			defaultConfigurationName = Release;
		};
		38E02D1D2EC7132B00E98B15 /* Build configuration list for PBXNativeTarget "AnimalKingdom_FinalProject" */ = {
			isa = XCConfigurationList;
			buildConfigurations = (
				38E02D1E2EC7132B00E98B15 /* Debug */,
				38E02D1F2EC7132B00E98B15 /* Release */,
			);
			defaultConfigurationIsVisible = 0;
			defaultConfigurationName = Release;
		};
		38E02D202EC7132B00E98B15 /* Build configuration list for PBXNativeTarget "AnimalKingdom_FinalProjectTests" */ = {
			isa = XCConfigurationList;
			buildConfigurations = (
				38E02D212EC7132B00E98B15 /* Debug */,
				38E02D222EC7132B00E98B15 /* Release */,
			);
			defaultConfigurationIsVisible = 0;
			defaultConfigurationName = Release;
		};
		38E02D232EC7132B00E98B15 /* Build configuration list for PBXNativeTarget "AnimalKingdom_FinalProjectUITests" */ = {
			isa = XCConfigurationList;
			buildConfigurations = (
				38E02D242EC7132B00E98B15 /* Debug */,
				38E02D252EC7132B00E98B15 /* Release */,
			);
			defaultConfigurationIsVisible = 0;
			defaultConfigurationName = Release;
		};
/* End XCConfigurationList section */
	};
	rootObject = 38E02CEB2EC7132600E98B15 /* Project object */;
}
